github.com/KarpelesLab/jwt v0.1.7 h1:vvxtrDn5cfek1sh7aLUj0HmzYMutYelCKKTWVdwt43w=
github.com/KarpelesLab/jwt v0.1.7/go.mod h1:rv2G7Sx+iXO9KH6qCL0SIRordO0FTxLTUwh8GUbtmbY=
golang.org/x/crypto v0.19.0 h1:ENy+Az/9Y1vSrlrvBSyna3PITt4tiZLf7sgCjZBX7Wo=
golang.org/x/crypto v0.19.0/go.mod h1:Iy9bg/ha4yyC70EfRS8jz+B6ybOBKMaSxLj6P6oBDfU=
